
Microsoft Visual Studio Solution File, Format Version 12.00
# Visual Studio Version 16
VisualStudioVersion = 16.0.30406.217
MinimumVisualStudioVersion = 10.0.40219.1
Project("{FAE04EC0-301F-11D3-BF4B-00C04F79EFBC}") = "HelloPushNotification.Android", "HelloPushNotification\HelloPushNotification.Android\HelloPushNotification.Android.csproj", "{5CED8D20-5722-4A83-A6D1-5091B462C3FB}"
EndProject
Project("{FAE04EC0-301F-11D3-BF4B-00C04F79EFBC}") = "HelloPushNotification.iOS", "HelloPushNotification\HelloPushNotification.iOS\HelloPushNotification.iOS.csproj", "{C6B189A4-4B93-435F-A81F-425D2022B173}"
EndProject
Project("{FAE04EC0-301F-11D3-BF4B-00C04F79EFBC}") = "HelloPushNotification", "HelloPushNotification\HelloPushNotification\HelloPushNotification.csproj", "{F772439C-24CB-4106-A1EC-2DFF808207A7}"
EndProject
Project("{FAE04EC0-301F-11D3-BF4B-00C04F79EFBC}") = "OneSignalNotificationServiceExtension", "HelloPushNotification\HelloPushNotification.iOS\OneSignalNotificationServiceExtension\OneSignalNotificationServiceExtension.csproj", "{382F1467-F35C-4CD4-830F-1516EA626BE4}"
EndProject
Global
	GlobalSection(SolutionConfigurationPlatforms) = preSolution
		Debug|Any CPU = Debug|Any CPU
		Debug|iPhone = Debug|iPhone
		Debug|iPhoneSimulator = Debug|iPhoneSimulator
		Release|Any CPU = Release|Any CPU
		Release|iPhone = Release|iPhone
		Release|iPhoneSimulator = Release|iPhoneSimulator
	EndGlobalSection
	GlobalSection(ProjectConfigurationPlatforms) = postSolution
		{5CED8D20-5722-4A83-A6D1-5091B462C3FB}.Debug|Any CPU.ActiveCfg = Debug|Any CPU
		{5CED8D20-5722-4A83-A6D1-5091B462C3FB}.Debug|Any CPU.Build.0 = Debug|Any CPU
		{5CED8D20-5722-4A83-A6D1-5091B462C3FB}.Debug|Any CPU.Deploy.0 = Debug|Any CPU
		{5CED8D20-5722-4A83-A6D1-5091B462C3FB}.Debug|iPhone.ActiveCfg = Debug|Any CPU
		{5CED8D20-5722-4A83-A6D1-5091B462C3FB}.Debug|iPhone.Build.0 = Debug|Any CPU
		{5CED8D20-5722-4A83-A6D1-5091B462C3FB}.Debug|iPhone.Deploy.0 = Debug|Any CPU
		{5CED8D20-5722-4A83-A6D1-5091B462C3FB}.Debug|iPhoneSimulator.ActiveCfg = Debug|Any CPU
		{5CED8D20-5722-4A83-A6D1-5091B462C3FB}.Debug|iPhoneSimulator.Build.0 = Debug|Any CPU
		{5CED8D20-5722-4A83-A6D1-5091B462C3FB}.Debug|iPhoneSimulator.Deploy.0 = Debug|Any CPU
		{5CED8D20-5722-4A83-A6D1-5091B462C3FB}.Release|Any CPU.ActiveCfg = Release|Any CPU
		{5CED8D20-5722-4A83-A6D1-5091B462C3FB}.Release|Any CPU.Build.0 = Release|Any CPU
		{5CED8D20-5722-4A83-A6D1-5091B462C3FB}.Release|Any CPU.Deploy.0 = Release|Any CPU
		{5CED8D20-5722-4A83-A6D1-5091B462C3FB}.Release|iPhone.ActiveCfg = Release|Any CPU
		{5CED8D20-5722-4A83-A6D1-5091B462C3FB}.Release|iPhone.Build.0 = Release|Any CPU
		{5CED8D20-5722-4A83-A6D1-5091B462C3FB}.Release|iPhone.Deploy.0 = Release|Any CPU
		{5CED8D20-5722-4A83-A6D1-5091B462C3FB}.Release|iPhoneSimulator.ActiveCfg = Release|Any CPU
		{5CED8D20-5722-4A83-A6D1-5091B462C3FB}.Release|iPhoneSimulator.Build.0 = Release|Any CPU
		{5CED8D20-5722-4A83-A6D1-5091B462C3FB}.Release|iPhoneSimulator.Deploy.0 = Release|Any CPU
		{C6B189A4-4B93-435F-A81F-425D2022B173}.Debug|Any CPU.ActiveCfg = Debug|iPhone
		{C6B189A4-4B93-435F-A81F-425D2022B173}.Debug|Any CPU.Build.0 = Debug|iPhone
		{C6B189A4-4B93-435F-A81F-425D2022B173}.Debug|Any CPU.Deploy.0 = Debug|iPhone
		{C6B189A4-4B93-435F-A81F-425D2022B173}.Debug|iPhone.ActiveCfg = Debug|iPhone
		{C6B189A4-4B93-435F-A81F-425D2022B173}.Debug|iPhone.Build.0 = Debug|iPhone
		{C6B189A4-4B93-435F-A81F-425D2022B173}.Debug|iPhone.Deploy.0 = Debug|iPhone
		{C6B189A4-4B93-435F-A81F-425D2022B173}.Debug|iPhoneSimulator.ActiveCfg = Debug|iPhoneSimulator
		{C6B189A4-4B93-435F-A81F-425D2022B173}.Debug|iPhoneSimulator.Build.0 = Debug|iPhoneSimulator
		{C6B189A4-4B93-435F-A81F-425D2022B173}.Debug|iPhoneSimulator.Deploy.0 = Debug|iPhoneSimulator
		{C6B189A4-4B93-435F-A81F-425D2022B173}.Release|Any CPU.ActiveCfg = Release|iPhone
		{C6B189A4-4B93-435F-A81F-425D2022B173}.Release|Any CPU.Build.0 = Release|iPhone
		{C6B189A4-4B93-435F-A81F-425D2022B173}.Release|Any CPU.Deploy.0 = Release|iPhone
		{C6B189A4-4B93-435F-A81F-425D2022B173}.Release|iPhone.ActiveCfg = Release|iPhone
		{C6B189A4-4B93-435F-A81F-425D2022B173}.Release|iPhone.Build.0 = Release|iPhone
		{C6B189A4-4B93-435F-A81F-425D2022B173}.Release|iPhone.Deploy.0 = Release|iPhone
		{C6B189A4-4B93-435F-A81F-425D2022B173}.Release|iPhoneSimulator.ActiveCfg = Release|iPhoneSimulator
		{C6B189A4-4B93-435F-A81F-425D2022B173}.Release|iPhoneSimulator.Build.0 = Release|iPhoneSimulator
		{C6B189A4-4B93-435F-A81F-425D2022B173}.Release|iPhoneSimulator.Deploy.0 = Release|iPhoneSimulator
		{F772439C-24CB-4106-A1EC-2DFF808207A7}.Debug|Any CPU.ActiveCfg = Debug|Any CPU
		{F772439C-24CB-4106-A1EC-2DFF808207A7}.Debug|Any CPU.Build.0 = Debug|Any CPU
		{F772439C-24CB-4106-A1EC-2DFF808207A7}.Debug|Any CPU.Deploy.0 = Debug|Any CPU
		{F772439C-24CB-4106-A1EC-2DFF808207A7}.Debug|iPhone.ActiveCfg = Debug|Any CPU
		{F772439C-24CB-4106-A1EC-2DFF808207A7}.Debug|iPhone.Build.0 = Debug|Any CPU
		{F772439C-24CB-4106-A1EC-2DFF808207A7}.Debug|iPhone.Deploy.0 = Debug|Any CPU
		{F772439C-24CB-4106-A1EC-2DFF808207A7}.Debug|iPhoneSimulator.ActiveCfg = Debug|Any CPU
		{F772439C-24CB-4106-A1EC-2DFF808207A7}.Debug|iPhoneSimulator.Build.0 = Debug|Any CPU
		{F772439C-24CB-4106-A1EC-2DFF808207A7}.Debug|iPhoneSimulator.Deploy.0 = Debug|Any CPU
		{F772439C-24CB-4106-A1EC-2DFF808207A7}.Release|Any CPU.ActiveCfg = Release|Any CPU
		{F772439C-24CB-4106-A1EC-2DFF808207A7}.Release|Any CPU.Build.0 = Release|Any CPU
		{F772439C-24CB-4106-A1EC-2DFF808207A7}.Release|Any CPU.Deploy.0 = Release|Any CPU
		{F772439C-24CB-4106-A1EC-2DFF808207A7}.Release|iPhone.ActiveCfg = Release|Any CPU
		{F772439C-24CB-4106-A1EC-2DFF808207A7}.Release|iPhone.Build.0 = Release|Any CPU
		{F772439C-24CB-4106-A1EC-2DFF808207A7}.Release|iPhone.Deploy.0 = Release|Any CPU
		{F772439C-24CB-4106-A1EC-2DFF808207A7}.Release|iPhoneSimulator.ActiveCfg = Release|Any CPU
		{F772439C-24CB-4106-A1EC-2DFF808207A7}.Release|iPhoneSimulator.Build.0 = Release|Any CPU
		{F772439C-24CB-4106-A1EC-2DFF808207A7}.Release|iPhoneSimulator.Deploy.0 = Release|Any CPU
		{382F1467-F35C-4CD4-830F-1516EA626BE4}.Debug|Any CPU.ActiveCfg = Debug|iPhone
		{382F1467-F35C-4CD4-830F-1516EA626BE4}.Debug|iPhone.ActiveCfg = Debug|iPhone
		{382F1467-F35C-4CD4-830F-1516EA626BE4}.Debug|iPhone.Build.0 = Debug|iPhone
		{382F1467-F35C-4CD4-830F-1516EA626BE4}.Debug|iPhoneSimulator.ActiveCfg = Debug|iPhoneSimulator
		{382F1467-F35C-4CD4-830F-1516EA626BE4}.Debug|iPhoneSimulator.Build.0 = Debug|iPhoneSimulator
		{382F1467-F35C-4CD4-830F-1516EA626BE4}.Release|Any CPU.ActiveCfg = Release|iPhone
		{382F1467-F35C-4CD4-830F-1516EA626BE4}.Release|iPhone.ActiveCfg = Release|iPhone
		{382F1467-F35C-4CD4-830F-1516EA626BE4}.Release|iPhone.Build.0 = Release|iPhone
		{382F1467-F35C-4CD4-830F-1516EA626BE4}.Release|iPhoneSimulator.ActiveCfg = Release|iPhoneSimulator
		{382F1467-F35C-4CD4-830F-1516EA626BE4}.Release|iPhoneSimulator.Build.0 = Release|iPhoneSimulator
	EndGlobalSection
	GlobalSection(SolutionProperties) = preSolution
		HideSolutionNode = FALSE
	EndGlobalSection
	GlobalSection(ExtensibilityGlobals) = postSolution
		SolutionGuid = {CA3294D0-9481-445C-9004-7882BD22FE00}
	EndGlobalSection
EndGlobal
